
Microsoft Visual Studio Solution File, Format Version 12.00
#
Project("{FAE04EC0-301F-11D3-BF4B-00C04F79EFBC}") = "Template", "Template\Template.csproj", "{B2DB29C8-EFFE-44CA-B270-008FAF6B3B7A}"
EndProject
Project("{2150E333-8FDC-42A3-9474-1A3956D46DE8}") = "Templates", "Templates", "{6CE6D87B-A9D3-4ED5-99C9-6D4A95888915}"
EndProject
Project("{FAE04EC0-301F-11D3-BF4B-00C04F79EFBC}") = "Day01.Part1", "Day01.Part1\Day01.Part1.csproj", "{A7D478F4-47CF-4D2F-B23F-19112618E775}"
EndProject
Project("{FAE04EC0-301F-11D3-BF4B-00C04F79EFBC}") = "Day01.Part2", "Day01.Part2\Day01.Part2.csproj", "{0E9705C1-7ACF-4701-8631-646397DF4CE4}"
EndProject
Project("{FAE04EC0-301F-11D3-BF4B-00C04F79EFBC}") = "Day02.Part1", "Day02.Part1\Day02.Part1.csproj", "{431D9AD6-E116-4876-81BF-FD5127E32882}"
EndProject
Project("{FAE04EC0-301F-11D3-BF4B-00C04F79EFBC}") = "Day02.Part2", "Day02.Part2\Day02.Part2.csproj", "{4C5B9C19-B4DF-44E4-BF8F-4738C3E7DE88}"
EndProject
Project("{FAE04EC0-301F-11D3-BF4B-00C04F79EFBC}") = "Day03.Part1", "Day03.Part1\Day03.Part1.csproj", "{A585F07F-7FB9-4941-9751-CD37E47E9CA9}"
EndProject
Project("{FAE04EC0-301F-11D3-BF4B-00C04F79EFBC}") = "Day03.Part2", "Day03.Part2\Day03.Part2.csproj", "{4BB6A4DE-958F-424D-81CE-00619324200D}"
EndProject
Project("{FAE04EC0-301F-11D3-BF4B-00C04F79EFBC}") = "Day04.Part1", "Day04.Part1\Day04.Part1.csproj", "{AF25E74D-735B-4609-9E6F-30C427749743}"
EndProject
Project("{FAE04EC0-301F-11D3-BF4B-00C04F79EFBC}") = "Day04.Part2", "Day04.Part2\Day04.Part2.csproj", "{FC140CBE-3413-4E83-842E-598FFE736BDB}"
EndProject
Project("{FAE04EC0-301F-11D3-BF4B-00C04F79EFBC}") = "Day05.Part1", "Day05.Part1\Day05.Part1.csproj", "{6A10B18B-B908-49D2-97A0-B5440464AD1D}"
EndProject
Project("{FAE04EC0-301F-11D3-BF4B-00C04F79EFBC}") = "Day05.Part2", "Day05.Part2\Day05.Part2.csproj", "{4084912B-43F1-4E50-AF68-52EE738615F2}"
EndProject
Project("{FAE04EC0-301F-11D3-BF4B-00C04F79EFBC}") = "Day06.Part1", "Day06.Part1\Day06.Part1.csproj", "{3D505239-F68D-4597-936F-9CE0DDF4F249}"
EndProject
Project("{FAE04EC0-301F-11D3-BF4B-00C04F79EFBC}") = "Day06.Part2", "Day06.Part2\Day06.Part2.csproj", "{08C28472-7AC6-4270-B476-1B736CA35439}"
EndProject
Project("{FAE04EC0-301F-11D3-BF4B-00C04F79EFBC}") = "Day07.Part1", "Day07.Part1\Day07.Part1.csproj", "{2E4C7140-9D9A-4D28-8BF0-3D93B0719384}"
EndProject
Project("{FAE04EC0-301F-11D3-BF4B-00C04F79EFBC}") = "Day07.Part2", "Day07.Part2\Day07.Part2.csproj", "{A7B3C48B-591F-4C37-9273-5038676D0F09}"
EndProject
Project("{FAE04EC0-301F-11D3-BF4B-00C04F79EFBC}") = "Day08.Part1", "Day08.Part1\Day08.Part1.csproj", "{EB44DB79-8B30-4241-812B-F60A770C40CA}"
EndProject
Project("{FAE04EC0-301F-11D3-BF4B-00C04F79EFBC}") = "Day08.Part2", "Day08.Part2\Day08.Part2.csproj", "{7F98FCAE-C11E-4BC4-9878-B70844C9B6B7}"
EndProject
Project("{FAE04EC0-301F-11D3-BF4B-00C04F79EFBC}") = "Day09.Part1", "Day09.Part1\Day09.Part1.csproj", "{E4D17152-B551-407C-8E78-D88FF02E4D8B}"
EndProject
Project("{FAE04EC0-301F-11D3-BF4B-00C04F79EFBC}") = "Day09.Part2", "Day09.Part2\Day09.Part2.csproj", "{3FCECD7E-2636-4158-AAD1-EA8CF0222A23}"
EndProject
Project("{FAE04EC0-301F-11D3-BF4B-00C04F79EFBC}") = "Helpers", "Helpers\Helpers.csproj", "{4BD1D2E4-57CA-42A9-B3A6-95670892D57D}"
EndProject
Global
	GlobalSection(SolutionConfigurationPlatforms) = preSolution
		Debug|Any CPU = Debug|Any CPU
		Release|Any CPU = Release|Any CPU
	EndGlobalSection
	GlobalSection(ProjectConfigurationPlatforms) = postSolution
		{B2DB29C8-EFFE-44CA-B270-008FAF6B3B7A}.Debug|Any CPU.ActiveCfg = Debug|Any CPU
		{B2DB29C8-EFFE-44CA-B270-008FAF6B3B7A}.Debug|Any CPU.Build.0 = Debug|Any CPU
		{B2DB29C8-EFFE-44CA-B270-008FAF6B3B7A}.Release|Any CPU.ActiveCfg = Release|Any CPU
		{B2DB29C8-EFFE-44CA-B270-008FAF6B3B7A}.Release|Any CPU.Build.0 = Release|Any CPU
		{A7D478F4-47CF-4D2F-B23F-19112618E775}.Debug|Any CPU.ActiveCfg = Debug|Any CPU
		{A7D478F4-47CF-4D2F-B23F-19112618E775}.Debug|Any CPU.Build.0 = Debug|Any CPU
		{A7D478F4-47CF-4D2F-B23F-19112618E775}.Release|Any CPU.ActiveCfg = Release|Any CPU
		{A7D478F4-47CF-4D2F-B23F-19112618E775}.Release|Any CPU.Build.0 = Release|Any CPU
		{0E9705C1-7ACF-4701-8631-646397DF4CE4}.Debug|Any CPU.ActiveCfg = Debug|Any CPU
		{0E9705C1-7ACF-4701-8631-646397DF4CE4}.Debug|Any CPU.Build.0 = Debug|Any CPU
		{0E9705C1-7ACF-4701-8631-646397DF4CE4}.Release|Any CPU.ActiveCfg = Release|Any CPU
		{0E9705C1-7ACF-4701-8631-646397DF4CE4}.Release|Any CPU.Build.0 = Release|Any CPU
		{431D9AD6-E116-4876-81BF-FD5127E32882}.Debug|Any CPU.ActiveCfg = Debug|Any CPU
		{431D9AD6-E116-4876-81BF-FD5127E32882}.Debug|Any CPU.Build.0 = Debug|Any CPU
		{431D9AD6-E116-4876-81BF-FD5127E32882}.Release|Any CPU.ActiveCfg = Release|Any CPU
		{431D9AD6-E116-4876-81BF-FD5127E32882}.Release|Any CPU.Build.0 = Release|Any CPU
		{4C5B9C19-B4DF-44E4-BF8F-4738C3E7DE88}.Debug|Any CPU.ActiveCfg = Debug|Any CPU
		{4C5B9C19-B4DF-44E4-BF8F-4738C3E7DE88}.Debug|Any CPU.Build.0 = Debug|Any CPU
		{4C5B9C19-B4DF-44E4-BF8F-4738C3E7DE88}.Release|Any CPU.ActiveCfg = Release|Any CPU
		{4C5B9C19-B4DF-44E4-BF8F-4738C3E7DE88}.Release|Any CPU.Build.0 = Release|Any CPU
		{A585F07F-7FB9-4941-9751-CD37E47E9CA9}.Debug|Any CPU.ActiveCfg = Debug|Any CPU
		{A585F07F-7FB9-4941-9751-CD37E47E9CA9}.Debug|Any CPU.Build.0 = Debug|Any CPU
		{A585F07F-7FB9-4941-9751-CD37E47E9CA9}.Release|Any CPU.ActiveCfg = Release|Any CPU
		{A585F07F-7FB9-4941-9751-CD37E47E9CA9}.Release|Any CPU.Build.0 = Release|Any CPU
		{4BB6A4DE-958F-424D-81CE-00619324200D}.Debug|Any CPU.ActiveCfg = Debug|Any CPU
		{4BB6A4DE-958F-424D-81CE-00619324200D}.Debug|Any CPU.Build.0 = Debug|Any CPU
		{4BB6A4DE-958F-424D-81CE-00619324200D}.Release|Any CPU.ActiveCfg = Release|Any CPU
		{4BB6A4DE-958F-424D-81CE-00619324200D}.Release|Any CPU.Build.0 = Release|Any CPU
		{AF25E74D-735B-4609-9E6F-30C427749743}.Debug|Any CPU.ActiveCfg = Debug|Any CPU
		{AF25E74D-735B-4609-9E6F-30C427749743}.Debug|Any CPU.Build.0 = Debug|Any CPU
		{AF25E74D-735B-4609-9E6F-30C427749743}.Release|Any CPU.ActiveCfg = Release|Any CPU
		{AF25E74D-735B-4609-9E6F-30C427749743}.Release|Any CPU.Build.0 = Release|Any CPU
		{FC140CBE-3413-4E83-842E-598FFE736BDB}.Debug|Any CPU.ActiveCfg = Debug|Any CPU
		{FC140CBE-3413-4E83-842E-598FFE736BDB}.Debug|Any CPU.Build.0 = Debug|Any CPU
		{FC140CBE-3413-4E83-842E-598FFE736BDB}.Release|Any CPU.ActiveCfg = Release|Any CPU
		{FC140CBE-3413-4E83-842E-598FFE736BDB}.Release|Any CPU.Build.0 = Release|Any CPU
		{6A10B18B-B908-49D2-97A0-B5440464AD1D}.Debug|Any CPU.ActiveCfg = Debug|Any CPU
		{6A10B18B-B908-49D2-97A0-B5440464AD1D}.Debug|Any CPU.Build.0 = Debug|Any CPU
		{6A10B18B-B908-49D2-97A0-B5440464AD1D}.Release|Any CPU.ActiveCfg = Release|Any CPU
		{6A10B18B-B908-49D2-97A0-B5440464AD1D}.Release|Any CPU.Build.0 = Release|Any CPU
		{4084912B-43F1-4E50-AF68-52EE738615F2}.Debug|Any CPU.ActiveCfg = Debug|Any CPU
		{4084912B-43F1-4E50-AF68-52EE738615F2}.Debug|Any CPU.Build.0 = Debug|Any CPU
		{4084912B-43F1-4E50-AF68-52EE738615F2}.Release|Any CPU.ActiveCfg = Release|Any CPU
		{4084912B-43F1-4E50-AF68-52EE738615F2}.Release|Any CPU.Build.0 = Release|Any CPU
		{3D505239-F68D-4597-936F-9CE0DDF4F249}.Debug|Any CPU.ActiveCfg = Debug|Any CPU
		{3D505239-F68D-4597-936F-9CE0DDF4F249}.Debug|Any CPU.Build.0 = Debug|Any CPU
		{3D505239-F68D-4597-936F-9CE0DDF4F249}.Release|Any CPU.ActiveCfg = Release|Any CPU
		{3D505239-F68D-4597-936F-9CE0DDF4F249}.Release|Any CPU.Build.0 = Release|Any CPU
		{08C28472-7AC6-4270-B476-1B736CA35439}.Debug|Any CPU.ActiveCfg = Debug|Any CPU
		{08C28472-7AC6-4270-B476-1B736CA35439}.Debug|Any CPU.Build.0 = Debug|Any CPU
		{08C28472-7AC6-4270-B476-1B736CA35439}.Release|Any CPU.ActiveCfg = Release|Any CPU
		{08C28472-7AC6-4270-B476-1B736CA35439}.Release|Any CPU.Build.0 = Release|Any CPU
		{2E4C7140-9D9A-4D28-8BF0-3D93B0719384}.Debug|Any CPU.ActiveCfg = Debug|Any CPU
		{2E4C7140-9D9A-4D28-8BF0-3D93B0719384}.Debug|Any CPU.Build.0 = Debug|Any CPU
		{2E4C7140-9D9A-4D28-8BF0-3D93B0719384}.Release|Any CPU.ActiveCfg = Release|Any CPU
		{2E4C7140-9D9A-4D28-8BF0-3D93B0719384}.Release|Any CPU.Build.0 = Release|Any CPU
		{A7B3C48B-591F-4C37-9273-5038676D0F09}.Debug|Any CPU.ActiveCfg = Debug|Any CPU
		{A7B3C48B-591F-4C37-9273-5038676D0F09}.Debug|Any CPU.Build.0 = Debug|Any CPU
		{A7B3C48B-591F-4C37-9273-5038676D0F09}.Release|Any CPU.ActiveCfg = Release|Any CPU
		{A7B3C48B-591F-4C37-9273-5038676D0F09}.Release|Any CPU.Build.0 = Release|Any CPU
		{EB44DB79-8B30-4241-812B-F60A770C40CA}.Debug|Any CPU.ActiveCfg = Debug|Any CPU
		{EB44DB79-8B30-4241-812B-F60A770C40CA}.Debug|Any CPU.Build.0 = Debug|Any CPU
		{EB44DB79-8B30-4241-812B-F60A770C40CA}.Release|Any CPU.ActiveCfg = Release|Any CPU
		{EB44DB79-8B30-4241-812B-F60A770C40CA}.Release|Any CPU.Build.0 = Release|Any CPU
		{7F98FCAE-C11E-4BC4-9878-B70844C9B6B7}.Debug|Any CPU.ActiveCfg = Debug|Any CPU
		{7F98FCAE-C11E-4BC4-9878-B70844C9B6B7}.Debug|Any CPU.Build.0 = Debug|Any CPU
		{7F98FCAE-C11E-4BC4-9878-B70844C9B6B7}.Release|Any CPU.ActiveCfg = Release|Any CPU
		{7F98FCAE-C11E-4BC4-9878-B70844C9B6B7}.Release|Any CPU.Build.0 = Release|Any CPU
		{E4D17152-B551-407C-8E78-D88FF02E4D8B}.Debug|Any CPU.ActiveCfg = Debug|Any CPU
		{E4D17152-B551-407C-8E78-D88FF02E4D8B}.Debug|Any CPU.Build.0 = Debug|Any CPU
		{E4D17152-B551-407C-8E78-D88FF02E4D8B}.Release|Any CPU.ActiveCfg = Release|Any CPU
		{E4D17152-B551-407C-8E78-D88FF02E4D8B}.Release|Any CPU.Build.0 = Release|Any CPU
		{3FCECD7E-2636-4158-AAD1-EA8CF0222A23}.Debug|Any CPU.ActiveCfg = Debug|Any CPU
		{3FCECD7E-2636-4158-AAD1-EA8CF0222A23}.Debug|Any CPU.Build.0 = Debug|Any CPU
		{3FCECD7E-2636-4158-AAD1-EA8CF0222A23}.Release|Any CPU.ActiveCfg = Release|Any CPU
		{3FCECD7E-2636-4158-AAD1-EA8CF0222A23}.Release|Any CPU.Build.0 = Release|Any CPU
		{4BD1D2E4-57CA-42A9-B3A6-95670892D57D}.Debug|Any CPU.ActiveCfg = Debug|Any CPU
		{4BD1D2E4-57CA-42A9-B3A6-95670892D57D}.Debug|Any CPU.Build.0 = Debug|Any CPU
		{4BD1D2E4-57CA-42A9-B3A6-95670892D57D}.Release|Any CPU.ActiveCfg = Release|Any CPU
		{4BD1D2E4-57CA-42A9-B3A6-95670892D57D}.Release|Any CPU.Build.0 = Release|Any CPU
	EndGlobalSection
	GlobalSection(NestedProjects) = preSolution
		{B2DB29C8-EFFE-44CA-B270-008FAF6B3B7A} = {6CE6D87B-A9D3-4ED5-99C9-6D4A95888915}
	EndGlobalSection
EndGlobal
