
Microsoft Visual Studio Solution File, Format Version 12.00
# 
Project("{FAE04EC0-301F-11D3-BF4B-00C04F79EFBC}") = "Template", "Template\Template.csproj", "{B2DB29C8-EFFE-44CA-B270-008FAF6B3B7A}"
EndProject
Project("{2150E333-8FDC-42A3-9474-1A3956D46DE8}") = "Templates", "Templates", "{6CE6D87B-A9D3-4ED5-99C9-6D4A95888915}"
EndProject
Project("{FAE04EC0-301F-11D3-BF4B-00C04F79EFBC}") = "Day01.Part1", "Day01.Part1\Day01.Part1.csproj", "{A7D478F4-47CF-4D2F-B23F-19112618E775}"
EndProject
Project("{FAE04EC0-301F-11D3-BF4B-00C04F79EFBC}") = "Day01.Part2", "Day01.Part2\Day01.Part2.csproj", "{0E9705C1-7ACF-4701-8631-646397DF4CE4}"
EndProject
Project("{FAE04EC0-301F-11D3-BF4B-00C04F79EFBC}") = "Day02.Part1", "Day02.Part1\Day02.Part1.csproj", "{431D9AD6-E116-4876-81BF-FD5127E32882}"
EndProject
Project("{FAE04EC0-301F-11D3-BF4B-00C04F79EFBC}") = "Day02.Part2", "Day02.Part2\Day02.Part2.csproj", "{4C5B9C19-B4DF-44E4-BF8F-4738C3E7DE88}"
EndProject
Global
	GlobalSection(SolutionConfigurationPlatforms) = preSolution
		Debug|Any CPU = Debug|Any CPU
		Release|Any CPU = Release|Any CPU
	EndGlobalSection
	GlobalSection(ProjectConfigurationPlatforms) = postSolution
		{B2DB29C8-EFFE-44CA-B270-008FAF6B3B7A}.Debug|Any CPU.ActiveCfg = Debug|Any CPU
		{B2DB29C8-EFFE-44CA-B270-008FAF6B3B7A}.Debug|Any CPU.Build.0 = Debug|Any CPU
		{B2DB29C8-EFFE-44CA-B270-008FAF6B3B7A}.Release|Any CPU.ActiveCfg = Release|Any CPU
		{B2DB29C8-EFFE-44CA-B270-008FAF6B3B7A}.Release|Any CPU.Build.0 = Release|Any CPU
		{A7D478F4-47CF-4D2F-B23F-19112618E775}.Debug|Any CPU.ActiveCfg = Debug|Any CPU
		{A7D478F4-47CF-4D2F-B23F-19112618E775}.Debug|Any CPU.Build.0 = Debug|Any CPU
		{A7D478F4-47CF-4D2F-B23F-19112618E775}.Release|Any CPU.ActiveCfg = Release|Any CPU
		{A7D478F4-47CF-4D2F-B23F-19112618E775}.Release|Any CPU.Build.0 = Release|Any CPU
		{0E9705C1-7ACF-4701-8631-646397DF4CE4}.Debug|Any CPU.ActiveCfg = Debug|Any CPU
		{0E9705C1-7ACF-4701-8631-646397DF4CE4}.Debug|Any CPU.Build.0 = Debug|Any CPU
		{0E9705C1-7ACF-4701-8631-646397DF4CE4}.Release|Any CPU.ActiveCfg = Release|Any CPU
		{0E9705C1-7ACF-4701-8631-646397DF4CE4}.Release|Any CPU.Build.0 = Release|Any CPU
		{431D9AD6-E116-4876-81BF-FD5127E32882}.Debug|Any CPU.ActiveCfg = Debug|Any CPU
		{431D9AD6-E116-4876-81BF-FD5127E32882}.Debug|Any CPU.Build.0 = Debug|Any CPU
		{431D9AD6-E116-4876-81BF-FD5127E32882}.Release|Any CPU.ActiveCfg = Release|Any CPU
		{431D9AD6-E116-4876-81BF-FD5127E32882}.Release|Any CPU.Build.0 = Release|Any CPU
		{4C5B9C19-B4DF-44E4-BF8F-4738C3E7DE88}.Debug|Any CPU.ActiveCfg = Debug|Any CPU
		{4C5B9C19-B4DF-44E4-BF8F-4738C3E7DE88}.Debug|Any CPU.Build.0 = Debug|Any CPU
		{4C5B9C19-B4DF-44E4-BF8F-4738C3E7DE88}.Release|Any CPU.ActiveCfg = Release|Any CPU
		{4C5B9C19-B4DF-44E4-BF8F-4738C3E7DE88}.Release|Any CPU.Build.0 = Release|Any CPU
	EndGlobalSection
	GlobalSection(NestedProjects) = preSolution
		{B2DB29C8-EFFE-44CA-B270-008FAF6B3B7A} = {6CE6D87B-A9D3-4ED5-99C9-6D4A95888915}
	EndGlobalSection
EndGlobal
